// !$*UTF8*$!
{
	archiveVersion = 1;
	classes = {
	};
	objectVersion = 50;
	objects = {

/* Begin PBXBuildFile section */
		85AF84E624D427BC0020F176 /* AppDelegate.swift in Sources */ = {isa = PBXBuildFile; fileRef = 85AF84E524D427BC0020F176 /* AppDelegate.swift */; };
		85AF84E824D427BC0020F176 /* SceneDelegate.swift in Sources */ = {isa = PBXBuildFile; fileRef = 85AF84E724D427BC0020F176 /* SceneDelegate.swift */; };
		85AF84EB24D427BC0020F176 /* AppleSignIn.xcdatamodeld in Sources */ = {isa = PBXBuildFile; fileRef = 85AF84E924D427BC0020F176 /* AppleSignIn.xcdatamodeld */; };
		85AF84ED24D427BC0020F176 /* ContentView.swift in Sources */ = {isa = PBXBuildFile; fileRef = 85AF84EC24D427BC0020F176 /* ContentView.swift */; };
		85AF84EF24D427BE0020F176 /* Assets.xcassets in Resources */ = {isa = PBXBuildFile; fileRef = 85AF84EE24D427BE0020F176 /* Assets.xcassets */; };
		85AF84F224D427BE0020F176 /* Preview Assets.xcassets in Resources */ = {isa = PBXBuildFile; fileRef = 85AF84F124D427BE0020F176 /* Preview Assets.xcassets */; };
		85AF84F524D427BE0020F176 /* LaunchScreen.storyboard in Resources */ = {isa = PBXBuildFile; fileRef = 85AF84F324D427BE0020F176 /* LaunchScreen.storyboard */; };
/* End PBXBuildFile section */

/* Begin PBXFileReference section */
		85AF84E224D427BC0020F176 /* AppleSignIn.app */ = {isa = PBXFileReference; explicitFileType = wrapper.application; includeInIndex = 0; path = AppleSignIn.app; sourceTree = BUILT_PRODUCTS_DIR; };
		85AF84E524D427BC0020F176 /* AppDelegate.swift */ = {isa = PBXFileReference; lastKnownFileType = sourcecode.swift; path = AppDelegate.swift; sourceTree = "<group>"; };
		85AF84E724D427BC0020F176 /* SceneDelegate.swift */ = {isa = PBXFileReference; lastKnownFileType = sourcecode.swift; path = SceneDelegate.swift; sourceTree = "<group>"; };
		85AF84EA24D427BC0020F176 /* AppleSignIn.xcdatamodel */ = {isa = PBXFileReference; lastKnownFileType = wrapper.xcdatamodel; path = AppleSignIn.xcdatamodel; sourceTree = "<group>"; };
		85AF84EC24D427BC0020F176 /* ContentView.swift */ = {isa = PBXFileReference; lastKnownFileType = sourcecode.swift; path = ContentView.swift; sourceTree = "<group>"; };
		85AF84EE24D427BE0020F176 /* Assets.xcassets */ = {isa = PBXFileReference; lastKnownFileType = folder.assetcatalog; path = Assets.xcassets; sourceTree = "<group>"; };
		85AF84F124D427BE0020F176 /* Preview Assets.xcassets */ = {isa = PBXFileReference; lastKnownFileType = folder.assetcatalog; path = "Preview Assets.xcassets"; sourceTree = "<group>"; };
		85AF84F424D427BE0020F176 /* Base */ = {isa = PBXFileReference; lastKnownFileType = file.storyboard; name = Base; path = Base.lproj/LaunchScreen.storyboard; sourceTree = "<group>"; };
		85AF84F624D427BE0020F176 /* Info.plist */ = {isa = PBXFileReference; lastKnownFileType = text.plist.xml; path = Info.plist; sourceTree = "<group>"; };
/* End PBXFileReference section */

/* Begin PBXFrameworksBuildPhase section */
		85AF84DF24D427BC0020F176 /* Frameworks */ = {
			isa = PBXFrameworksBuildPhase;
			buildActionMask = 2147483647;
			files = (
			);
			runOnlyForDeploymentPostprocessing = 0;
		};
/* End PBXFrameworksBuildPhase section */

/* Begin PBXGroup section */
		85AF84D924D427BC0020F176 = {
			isa = PBXGroup;
			children = (
				85AF84E424D427BC0020F176 /* AppleSignIn */,
				85AF84E324D427BC0020F176 /* Products */,
			);
			sourceTree = "<group>";
		};
		85AF84E324D427BC0020F176 /* Products */ = {
			isa = PBXGroup;
			children = (
				85AF84E224D427BC0020F176 /* AppleSignIn.app */,
			);
			name = Products;
			sourceTree = "<group>";
		};
		85AF84E424D427BC0020F176 /* AppleSignIn */ = {
			isa = PBXGroup;
			children = (
				85AF84E524D427BC0020F176 /* AppDelegate.swift */,
				85AF84E724D427BC0020F176 /* SceneDelegate.swift */,
				85AF84EC24D427BC0020F176 /* ContentView.swift */,
				85AF84EE24D427BE0020F176 /* Assets.xcassets */,
				85AF84F324D427BE0020F176 /* LaunchScreen.storyboard */,
				85AF84F624D427BE0020F176 /* Info.plist */,
				85AF84E924D427BC0020F176 /* AppleSignIn.xcdatamodeld */,
				85AF84F024D427BE0020F176 /* Preview Content */,
			);
			path = AppleSignIn;
			sourceTree = "<group>";
		};
		85AF84F024D427BE0020F176 /* Preview Content */ = {
			isa = PBXGroup;
			children = (
				85AF84F124D427BE0020F176 /* Preview Assets.xcassets */,
			);
			path = "Preview Content";
			sourceTree = "<group>";
		};
/* End PBXGroup section */

/* Begin PBXNativeTarget section */
		85AF84E124D427BC0020F176 /* AppleSignIn */ = {
			isa = PBXNativeTarget;
			buildConfigurationList = 85AF84F924D427BE0020F176 /* Build configuration list for PBXNativeTarget "AppleSignIn" */;
			buildPhases = (
				85AF84DE24D427BC0020F176 /* Sources */,
				85AF84DF24D427BC0020F176 /* Frameworks */,
				85AF84E024D427BC0020F176 /* Resources */,
			);
			buildRules = (
			);
			dependencies = (
			);
			name = AppleSignIn;
			productName = AppleSignIn;
			productReference = 85AF84E224D427BC0020F176 /* AppleSignIn.app */;
			productType = "com.apple.product-type.application";
		};
/* End PBXNativeTarget section */

/* Begin PBXProject section */
		85AF84DA24D427BC0020F176 /* Project object */ = {
			isa = PBXProject;
			attributes = {
				LastSwiftUpdateCheck = 1130;
				LastUpgradeCheck = 1130;
				ORGANIZATIONNAME = "Daljeet Singh";
				TargetAttributes = {
					85AF84E124D427BC0020F176 = {
						CreatedOnToolsVersion = 11.3;
					};
				};
			};
			buildConfigurationList = 85AF84DD24D427BC0020F176 /* Build configuration list for PBXProject "AppleSignIn" */;
			compatibilityVersion = "Xcode 9.3";
			developmentRegion = en;
			hasScannedForEncodings = 0;
			knownRegions = (
				en,
				Base,
			);
			mainGroup = 85AF84D924D427BC0020F176;
			productRefGroup = 85AF84E324D427BC0020F176 /* Products */;
			projectDirPath = "";
			projectRoot = "";
			targets = (
				85AF84E124D427BC0020F176 /* AppleSignIn */,
			);
		};
/* End PBXProject section */

/* Begin PBXResourcesBuildPhase section */
		85AF84E024D427BC0020F176 /* Resources */ = {
			isa = PBXResourcesBuildPhase;
			buildActionMask = 2147483647;
			files = (
				85AF84F524D427BE0020F176 /* LaunchScreen.storyboard in Resources */,
				85AF84F224D427BE0020F176 /* Preview Assets.xcassets in Resources */,
				85AF84EF24D427BE0020F176 /* Assets.xcassets in Resources */,
			);
			runOnlyForDeploymentPostprocessing = 0;
		};
/* End PBXResourcesBuildPhase section */

/* Begin PBXSourcesBuildPhase section */
		85AF84DE24D427BC0020F176 /* Sources */ = {
			isa = PBXSourcesBuildPhase;
			buildActionMask = 2147483647;
			files = (
				85AF84E624D427BC0020F176 /* AppDelegate.swift in Sources */,
				85AF84EB24D427BC0020F176 /* AppleSignIn.xcdatamodeld in Sources */,
				85AF84ED24D427BC0020F176 /* ContentView.swift in Sources */,
				85AF84E824D427BC0020F176 /* SceneDelegate.swift in Sources */,
			);
			runOnlyForDeploymentPostprocessing = 0;
		};
/* End PBXSourcesBuildPhase section */

/* Begin PBXVariantGroup section */
		85AF84F324D427BE0020F176 /* LaunchScreen.storyboard */ = {
			isa = PBXVariantGroup;
			children = (
				85AF84F424D427BE0020F176 /* Base */,
			);
			name = LaunchScreen.storyboard;
			sourceTree = "<group>";
		};
/* End PBXVariantGroup section */

/* Begin XCBuildConfiguration section */
		85AF84F724D427BE0020F176 /* Debug */ = {
			isa = XCBuildConfiguration;
			buildSettings = {
				ALWAYS_SEARCH_USER_PATHS = NO;
				CLANG_ANALYZER_NONNULL = YES;
				CLANG_ANALYZER_NUMBER_OBJECT_CONVERSION = YES_AGGRESSIVE;
				CLANG_CXX_LANGUAGE_STANDARD = "gnu++14";
				CLANG_CXX_LIBRARY = "libc++";
				CLANG_ENABLE_MODULES = YES;
				CLANG_ENABLE_OBJC_ARC = YES;
				CLANG_ENABLE_OBJC_WEAK = YES;
				CLANG_WARN_BLOCK_CAPTURE_AUTORELEASING = YES;
				CLANG_WARN_BOOL_CONVERSION = YES;
				CLANG_WARN_COMMA = YES;
				CLANG_WARN_CONSTANT_CONVERSION = YES;
				CLANG_WARN_DEPRECATED_OBJC_IMPLEMENTATIONS = YES;
				CLANG_WARN_DIRECT_OBJC_ISA_USAGE = YES_ERROR;
				CLANG_WARN_DOCUMENTATION_COMMENTS = YES;
				CLANG_WARN_EMPTY_BODY = YES;
				CLANG_WARN_ENUM_CONVERSION = YES;
				CLANG_WARN_INFINITE_RECURSION = YES;
				CLANG_WARN_INT_CONVERSION = YES;
				CLANG_WARN_NON_LITERAL_NULL_CONVERSION = YES;
				CLANG_WARN_OBJC_IMPLICIT_RETAIN_SELF = YES;
				CLANG_WARN_OBJC_LITERAL_CONVERSION = YES;
				CLANG_WARN_OBJC_ROOT_CLASS = YES_ERROR;
				CLANG_WARN_RANGE_LOOP_ANALYSIS = YES;
				CLANG_WARN_STRICT_PROTOTYPES = YES;
				CLANG_WARN_SUSPICIOUS_MOVE = YES;
				CLANG_WARN_UNGUARDED_AVAILABILITY = YES_AGGRESSIVE;
				CLANG_WARN_UNREACHABLE_CODE = YES;
				CLANG_WARN__DUPLICATE_METHOD_MATCH = YES;
				COPY_PHASE_STRIP = NO;
				DEBUG_INFORMATION_FORMAT = dwarf;
				ENABLE_STRICT_OBJC_MSGSEND = YES;
				ENABLE_TESTABILITY = YES;
				GCC_C_LANGUAGE_STANDARD = gnu11;
				GCC_DYNAMIC_NO_PIC = NO;
				GCC_NO_COMMON_BLOCKS = YES;
				GCC_OPTIMIZATION_LEVEL = 0;
				GCC_PREPROCESSOR_DEFINITIONS = (
					"DEBUG=1",
					"$(inherited)",
				);
				GCC_WARN_64_TO_32_BIT_CONVERSION = YES;
				GCC_WARN_ABOUT_RETURN_TYPE = YES_ERROR;
				GCC_WARN_UNDECLARED_SELECTOR = YES;
				GCC_WARN_UNINITIALIZED_AUTOS = YES_AGGRESSIVE;
				GCC_WARN_UNUSED_FUNCTION = YES;
				GCC_WARN_UNUSED_VARIABLE = YES;
				IPHONEOS_DEPLOYMENT_TARGET = 13.2;
				MTL_ENABLE_DEBUG_INFO = INCLUDE_SOURCE;
				MTL_FAST_MATH = YES;
				ONLY_ACTIVE_ARCH = YES;
				SDKROOT = iphoneos;
				SWIFT_ACTIVE_COMPILATION_CONDITIONS = DEBUG;
				SWIFT_OPTIMIZATION_LEVEL = "-Onone";
			};
			name = Debug;
		};
		85AF84F824D427BE0020F176 /* Release */ = {
			isa = XCBuildConfiguration;
			buildSettings = {
				ALWAYS_SEARCH_USER_PATHS = NO;
				CLANG_ANALYZER_NONNULL = YES;
				CLANG_ANALYZER_NUMBER_OBJECT_CONVERSION = YES_AGGRESSIVE;
				CLANG_CXX_LANGUAGE_STANDARD = "gnu++14";
				CLANG_CXX_LIBRARY = "libc++";
				CLANG_ENABLE_MODULES = YES;
				CLANG_ENABLE_OBJC_ARC = YES;
				CLANG_ENABLE_OBJC_WEAK = YES;
				CLANG_WARN_BLOCK_CAPTURE_AUTORELEASING = YES;
				CLANG_WARN_BOOL_CONVERSION = YES;
				CLANG_WARN_COMMA = YES;
				CLANG_WARN_CONSTANT_CONVERSION = YES;
				CLANG_WARN_DEPRECATED_OBJC_IMPLEMENTATIONS = YES;
				CLANG_WARN_DIRECT_OBJC_ISA_USAGE = YES_ERROR;
				CLANG_WARN_DOCUMENTATION_COMMENTS = YES;
				CLANG_WARN_EMPTY_BODY = YES;
				CLANG_WARN_ENUM_CONVERSION = YES;
				CLANG_WARN_INFINITE_RECURSION = YES;
				CLANG_WARN_INT_CONVERSION = YES;
				CLANG_WARN_NON_LITERAL_NULL_CONVERSION = YES;
				CLANG_WARN_OBJC_IMPLICIT_RETAIN_SELF = YES;
				CLANG_WARN_OBJC_LITERAL_CONVERSION = YES;
				CLANG_WARN_OBJC_ROOT_CLASS = YES_ERROR;
				CLANG_WARN_RANGE_LOOP_ANALYSIS = YES;
				CLANG_WARN_STRICT_PROTOTYPES = YES;
				CLANG_WARN_SUSPICIOUS_MOVE = YES;
				CLANG_WARN_UNGUARDED_AVAILABILITY = YES_AGGRESSIVE;
				CLANG_WARN_UNREACHABLE_CODE = YES;
				CLANG_WARN__DUPLICATE_METHOD_MATCH = YES;
				COPY_PHASE_STRIP = NO;
				DEBUG_INFORMATION_FORMAT = "dwarf-with-dsym";
				ENABLE_NS_ASSERTIONS = NO;
				ENABLE_STRICT_OBJC_MSGSEND = YES;
				GCC_C_LANGUAGE_STANDARD = gnu11;
				GCC_NO_COMMON_BLOCKS = YES;
				GCC_WARN_64_TO_32_BIT_CONVERSION = YES;
				GCC_WARN_ABOUT_RETURN_TYPE = YES_ERROR;
				GCC_WARN_UNDECLARED_SELECTOR = YES;
				GCC_WARN_UNINITIALIZED_AUTOS = YES_AGGRESSIVE;
				GCC_WARN_UNUSED_FUNCTION = YES;
				GCC_WARN_UNUSED_VARIABLE = YES;
				IPHONEOS_DEPLOYMENT_TARGET = 13.2;
				MTL_ENABLE_DEBUG_INFO = NO;
				MTL_FAST_MATH = YES;
				SDKROOT = iphoneos;
				SWIFT_COMPILATION_MODE = wholemodule;
				SWIFT_OPTIMIZATION_LEVEL = "-O";
				VALIDATE_PRODUCT = YES;
			};
			name = Release;
		};
		85AF84FA24D427BE0020F176 /* Debug */ = {
			isa = XCBuildConfiguration;
			buildSettings = {
				ASSETCATALOG_COMPILER_APPICON_NAME = AppIcon;
				CODE_SIGN_STYLE = Automatic;
				DEVELOPMENT_ASSET_PATHS = "\"AppleSignIn/Preview Content\"";
				ENABLE_PREVIEWS = YES;
				INFOPLIST_FILE = AppleSignIn/Info.plist;
				LD_RUNPATH_SEARCH_PATHS = (
					"$(inherited)",
					"@executable_path/Frameworks",
				);
				PRODUCT_BUNDLE_IDENTIFIER = com.daljeetsingh.AppleSignIn;
				PRODUCT_NAME = "$(TARGET_NAME)";
				SWIFT_VERSION = 5.0;
				TARGETED_DEVICE_FAMILY = "1,2";
			};
			name = Debug;
		};
		85AF84FB24D427BE0020F176 /* Release */ = {
			isa = XCBuildConfiguration;
			buildSettings = {
				ASSETCATALOG_COMPILER_APPICON_NAME = AppIcon;
				CODE_SIGN_STYLE = Automatic;
				DEVELOPMENT_ASSET_PATHS = "\"AppleSignIn/Preview Content\"";
				ENABLE_PREVIEWS = YES;
				INFOPLIST_FILE = AppleSignIn/Info.plist;
				LD_RUNPATH_SEARCH_PATHS = (
					"$(inherited)",
					"@executable_path/Frameworks",
				);
				PRODUCT_BUNDLE_IDENTIFIER = com.daljeetsingh.AppleSignIn;
				PRODUCT_NAME = "$(TARGET_NAME)";
				SWIFT_VERSION = 5.0;
				TARGETED_DEVICE_FAMILY = "1,2";
			};
			name = Release;
		};
/* End XCBuildConfiguration section */

/* Begin XCConfigurationList section */
		85AF84DD24D427BC0020F176 /* Build configuration list for PBXProject "AppleSignIn" */ = {
			isa = XCConfigurationList;
			buildConfigurations = (
				85AF84F724D427BE0020F176 /* Debug */,
				85AF84F824D427BE0020F176 /* Release */,
			);
			defaultConfigurationIsVisible = 0;
			defaultConfigurationName = Release;
		};
		85AF84F924D427BE0020F176 /* Build configuration list for PBXNativeTarget "AppleSignIn" */ = {
			isa = XCConfigurationList;
			buildConfigurations = (
				85AF84FA24D427BE0020F176 /* Debug */,
				85AF84FB24D427BE0020F176 /* Release */,
			);
			defaultConfigurationIsVisible = 0;
			defaultConfigurationName = Release;
		};
/* End XCConfigurationList section */

/* Begin XCVersionGroup section */
		85AF84E924D427BC0020F176 /* AppleSignIn.xcdatamodeld */ = {
			isa = XCVersionGroup;
			children = (
				85AF84EA24D427BC0020F176 /* AppleSignIn.xcdatamodel */,
			);
			currentVersion = 85AF84EA24D427BC0020F176 /* AppleSignIn.xcdatamodel */;
			path = AppleSignIn.xcdatamodeld;
			sourceTree = "<group>";
			versionGroupType = wrapper.xcdatamodel;
		};
/* End XCVersionGroup section */
	};
	rootObject = 85AF84DA24D427BC0020F176 /* Project object */;
}
