// !$*UTF8*$!
{
	archiveVersion = 1;
	classes = {
	};
	objectVersion = 51;
	objects = {

/* Begin PBXBuildFile section */
		3F58BD2FE965052295C8CD4A /* Pods_AppleSignIn.framework in Frameworks */ = {isa = PBXBuildFile; fileRef = 775CB6B4BD0EA148375602E5 /* Pods_AppleSignIn.framework */; };
		85AF84E624D427BC0020F176 /* AppDelegate.swift in Sources */ = {isa = PBXBuildFile; fileRef = 85AF84E524D427BC0020F176 /* AppDelegate.swift */; };
		85AF84E824D427BC0020F176 /* SceneDelegate.swift in Sources */ = {isa = PBXBuildFile; fileRef = 85AF84E724D427BC0020F176 /* SceneDelegate.swift */; };
		85AF84EB24D427BC0020F176 /* AppleSignIn.xcdatamodeld in Sources */ = {isa = PBXBuildFile; fileRef = 85AF84E924D427BC0020F176 /* AppleSignIn.xcdatamodeld */; };
		85AF84ED24D427BC0020F176 /* ContentView.swift in Sources */ = {isa = PBXBuildFile; fileRef = 85AF84EC24D427BC0020F176 /* ContentView.swift */; };
		85AF84EF24D427BE0020F176 /* Assets.xcassets in Resources */ = {isa = PBXBuildFile; fileRef = 85AF84EE24D427BE0020F176 /* Assets.xcassets */; };
		85AF84F224D427BE0020F176 /* Preview Assets.xcassets in Resources */ = {isa = PBXBuildFile; fileRef = 85AF84F124D427BE0020F176 /* Preview Assets.xcassets */; };
		85AF84F524D427BE0020F176 /* LaunchScreen.storyboard in Resources */ = {isa = PBXBuildFile; fileRef = 85AF84F324D427BE0020F176 /* LaunchScreen.storyboard */; };
		85AF84FE24D429E80020F176 /* AppleSignInSwift.swift in Sources */ = {isa = PBXBuildFile; fileRef = 85AF84FD24D429E80020F176 /* AppleSignInSwift.swift */; };
		85AF850924D452DE0020F176 /* AppleSignInDelegate.swift in Sources */ = {isa = PBXBuildFile; fileRef = 85AF850824D452DE0020F176 /* AppleSignInDelegate.swift */; };
		85AF850B24D453E20020F176 /* WebApi.swift in Sources */ = {isa = PBXBuildFile; fileRef = 85AF850A24D453E20020F176 /* WebApi.swift */; };
		85AF850D24D462F00020F176 /* EnvironmentWindowKey.swift in Sources */ = {isa = PBXBuildFile; fileRef = 85AF850C24D462EF0020F176 /* EnvironmentWindowKey.swift */; };
		85AF850F24D483170020F176 /* SecondView.swift in Sources */ = {isa = PBXBuildFile; fileRef = 85AF850E24D483170020F176 /* SecondView.swift */; };
		85C855FA24D5B28C00FEFBF0 /* KeychainWrapper.swift in Sources */ = {isa = PBXBuildFile; fileRef = 85C855F924D5B28C00FEFBF0 /* KeychainWrapper.swift */; };
/* End PBXBuildFile section */

/* Begin PBXFileReference section */
		60DB23AC285FCEB3C339B643 /* Pods-AppleSignIn.debug.xcconfig */ = {isa = PBXFileReference; includeInIndex = 1; lastKnownFileType = text.xcconfig; name = "Pods-AppleSignIn.debug.xcconfig"; path = "Target Support Files/Pods-AppleSignIn/Pods-AppleSignIn.debug.xcconfig"; sourceTree = "<group>"; };
		775CB6B4BD0EA148375602E5 /* Pods_AppleSignIn.framework */ = {isa = PBXFileReference; explicitFileType = wrapper.framework; includeInIndex = 0; path = Pods_AppleSignIn.framework; sourceTree = BUILT_PRODUCTS_DIR; };
		85AF84E224D427BC0020F176 /* AppleSignIn.app */ = {isa = PBXFileReference; explicitFileType = wrapper.application; includeInIndex = 0; path = AppleSignIn.app; sourceTree = BUILT_PRODUCTS_DIR; };
		85AF84E524D427BC0020F176 /* AppDelegate.swift */ = {isa = PBXFileReference; lastKnownFileType = sourcecode.swift; path = AppDelegate.swift; sourceTree = "<group>"; };
		85AF84E724D427BC0020F176 /* SceneDelegate.swift */ = {isa = PBXFileReference; lastKnownFileType = sourcecode.swift; path = SceneDelegate.swift; sourceTree = "<group>"; };
		85AF84EA24D427BC0020F176 /* AppleSignIn.xcdatamodel */ = {isa = PBXFileReference; lastKnownFileType = wrapper.xcdatamodel; path = AppleSignIn.xcdatamodel; sourceTree = "<group>"; };
		85AF84EC24D427BC0020F176 /* ContentView.swift */ = {isa = PBXFileReference; lastKnownFileType = sourcecode.swift; path = ContentView.swift; sourceTree = "<group>"; };
		85AF84EE24D427BE0020F176 /* Assets.xcassets */ = {isa = PBXFileReference; lastKnownFileType = folder.assetcatalog; path = Assets.xcassets; sourceTree = "<group>"; };
		85AF84F124D427BE0020F176 /* Preview Assets.xcassets */ = {isa = PBXFileReference; lastKnownFileType = folder.assetcatalog; path = "Preview Assets.xcassets"; sourceTree = "<group>"; };
		85AF84F424D427BE0020F176 /* Base */ = {isa = PBXFileReference; lastKnownFileType = file.storyboard; name = Base; path = Base.lproj/LaunchScreen.storyboard; sourceTree = "<group>"; };
		85AF84F624D427BE0020F176 /* Info.plist */ = {isa = PBXFileReference; lastKnownFileType = text.plist.xml; path = Info.plist; sourceTree = "<group>"; };
		85AF84FC24D427E20020F176 /* AppleSignIn.entitlements */ = {isa = PBXFileReference; lastKnownFileType = text.plist.entitlements; path = AppleSignIn.entitlements; sourceTree = "<group>"; };
		85AF84FD24D429E80020F176 /* AppleSignInSwift.swift */ = {isa = PBXFileReference; lastKnownFileType = sourcecode.swift; path = AppleSignInSwift.swift; sourceTree = "<group>"; };
		85AF850824D452DE0020F176 /* AppleSignInDelegate.swift */ = {isa = PBXFileReference; lastKnownFileType = sourcecode.swift; path = AppleSignInDelegate.swift; sourceTree = "<group>"; };
		85AF850A24D453E20020F176 /* WebApi.swift */ = {isa = PBXFileReference; lastKnownFileType = sourcecode.swift; path = WebApi.swift; sourceTree = "<group>"; };
		85AF850C24D462EF0020F176 /* EnvironmentWindowKey.swift */ = {isa = PBXFileReference; lastKnownFileType = sourcecode.swift; path = EnvironmentWindowKey.swift; sourceTree = "<group>"; };
		85AF850E24D483170020F176 /* SecondView.swift */ = {isa = PBXFileReference; lastKnownFileType = sourcecode.swift; path = SecondView.swift; sourceTree = "<group>"; };
		85C855F924D5B28C00FEFBF0 /* KeychainWrapper.swift */ = {isa = PBXFileReference; lastKnownFileType = sourcecode.swift; path = KeychainWrapper.swift; sourceTree = "<group>"; };
		C8EB0A75ACEDC91B10A616F2 /* Pods-AppleSignIn.release.xcconfig */ = {isa = PBXFileReference; includeInIndex = 1; lastKnownFileType = text.xcconfig; name = "Pods-AppleSignIn.release.xcconfig"; path = "Target Support Files/Pods-AppleSignIn/Pods-AppleSignIn.release.xcconfig"; sourceTree = "<group>"; };
/* End PBXFileReference section */

/* Begin PBXFrameworksBuildPhase section */
		85AF84DF24D427BC0020F176 /* Frameworks */ = {
			isa = PBXFrameworksBuildPhase;
			buildActionMask = 2147483647;
			files = (
				3F58BD2FE965052295C8CD4A /* Pods_AppleSignIn.framework in Frameworks */,
			);
			runOnlyForDeploymentPostprocessing = 0;
		};
/* End PBXFrameworksBuildPhase section */

/* Begin PBXGroup section */
		123A7A56CCA2817DA406BACE /* Frameworks */ = {
			isa = PBXGroup;
			children = (
				775CB6B4BD0EA148375602E5 /* Pods_AppleSignIn.framework */,
			);
			name = Frameworks;
			sourceTree = "<group>";
		};
		85AF84D924D427BC0020F176 = {
			isa = PBXGroup;
			children = (
				85AF84E424D427BC0020F176 /* AppleSignIn */,
				85AF84E324D427BC0020F176 /* Products */,
				E4CF92FA39444F6311A53D98 /* Pods */,
				123A7A56CCA2817DA406BACE /* Frameworks */,
			);
			sourceTree = "<group>";
		};
		85AF84E324D427BC0020F176 /* Products */ = {
			isa = PBXGroup;
			children = (
				85AF84E224D427BC0020F176 /* AppleSignIn.app */,
			);
			name = Products;
			sourceTree = "<group>";
		};
		85AF84E424D427BC0020F176 /* AppleSignIn */ = {
			isa = PBXGroup;
			children = (
				85AF84FF24D44D470020F176 /* KeyChain */,
				85AF84FC24D427E20020F176 /* AppleSignIn.entitlements */,
				85AF84E524D427BC0020F176 /* AppDelegate.swift */,
				85AF84E724D427BC0020F176 /* SceneDelegate.swift */,
				85AF84EC24D427BC0020F176 /* ContentView.swift */,
				85AF850E24D483170020F176 /* SecondView.swift */,
				85AF84FD24D429E80020F176 /* AppleSignInSwift.swift */,
				85AF850824D452DE0020F176 /* AppleSignInDelegate.swift */,
				85AF850A24D453E20020F176 /* WebApi.swift */,
				85AF850C24D462EF0020F176 /* EnvironmentWindowKey.swift */,
				85AF84EE24D427BE0020F176 /* Assets.xcassets */,
				85AF84F324D427BE0020F176 /* LaunchScreen.storyboard */,
				85AF84F624D427BE0020F176 /* Info.plist */,
				85AF84E924D427BC0020F176 /* AppleSignIn.xcdatamodeld */,
				85AF84F024D427BE0020F176 /* Preview Content */,
			);
			path = AppleSignIn;
			sourceTree = "<group>";
		};
		85AF84F024D427BE0020F176 /* Preview Content */ = {
			isa = PBXGroup;
			children = (
				85AF84F124D427BE0020F176 /* Preview Assets.xcassets */,
			);
			path = "Preview Content";
			sourceTree = "<group>";
		};
		85AF84FF24D44D470020F176 /* KeyChain */ = {
			isa = PBXGroup;
			children = (
				85C855F924D5B28C00FEFBF0 /* KeychainWrapper.swift */,
			);
			path = KeyChain;
			sourceTree = "<group>";
		};
		E4CF92FA39444F6311A53D98 /* Pods */ = {
			isa = PBXGroup;
			children = (
				60DB23AC285FCEB3C339B643 /* Pods-AppleSignIn.debug.xcconfig */,
				C8EB0A75ACEDC91B10A616F2 /* Pods-AppleSignIn.release.xcconfig */,
			);
			path = Pods;
			sourceTree = "<group>";
		};
/* End PBXGroup section */

/* Begin PBXNativeTarget section */
		85AF84E124D427BC0020F176 /* AppleSignIn */ = {
			isa = PBXNativeTarget;
			buildConfigurationList = 85AF84F924D427BE0020F176 /* Build configuration list for PBXNativeTarget "AppleSignIn" */;
			buildPhases = (
				53655593AF5C22F67BEE8D9B /* [CP] Check Pods Manifest.lock */,
				85AF84DE24D427BC0020F176 /* Sources */,
				85AF84DF24D427BC0020F176 /* Frameworks */,
				85AF84E024D427BC0020F176 /* Resources */,
				11E4304D9AB861E59E638679 /* [CP] Embed Pods Frameworks */,
			);
			buildRules = (
			);
			dependencies = (
			);
			name = AppleSignIn;
			productName = AppleSignIn;
			productReference = 85AF84E224D427BC0020F176 /* AppleSignIn.app */;
			productType = "com.apple.product-type.application";
		};
/* End PBXNativeTarget section */

/* Begin PBXProject section */
		85AF84DA24D427BC0020F176 /* Project object */ = {
			isa = PBXProject;
			attributes = {
				LastSwiftUpdateCheck = 1130;
				LastUpgradeCheck = 1130;
				ORGANIZATIONNAME = "Daljeet Singh";
				TargetAttributes = {
					85AF84E124D427BC0020F176 = {
						CreatedOnToolsVersion = 11.3;
					};
				};
			};
			buildConfigurationList = 85AF84DD24D427BC0020F176 /* Build configuration list for PBXProject "AppleSignIn" */;
			compatibilityVersion = "Xcode 9.3";
			developmentRegion = en;
			hasScannedForEncodings = 0;
			knownRegions = (
				en,
				Base,
			);
			mainGroup = 85AF84D924D427BC0020F176;
			productRefGroup = 85AF84E324D427BC0020F176 /* Products */;
			projectDirPath = "";
			projectRoot = "";
			targets = (
				85AF84E124D427BC0020F176 /* AppleSignIn */,
			);
		};
/* End PBXProject section */

/* Begin PBXResourcesBuildPhase section */
		85AF84E024D427BC0020F176 /* Resources */ = {
			isa = PBXResourcesBuildPhase;
			buildActionMask = 2147483647;
			files = (
				85AF84F524D427BE0020F176 /* LaunchScreen.storyboard in Resources */,
				85AF84F224D427BE0020F176 /* Preview Assets.xcassets in Resources */,
				85AF84EF24D427BE0020F176 /* Assets.xcassets in Resources */,
			);
			runOnlyForDeploymentPostprocessing = 0;
		};
/* End PBXResourcesBuildPhase section */

/* Begin PBXShellScriptBuildPhase section */
		11E4304D9AB861E59E638679 /* [CP] Embed Pods Frameworks */ = {
			isa = PBXShellScriptBuildPhase;
			buildActionMask = 2147483647;
			files = (
			);
			inputFileListPaths = (
				"${PODS_ROOT}/Target Support Files/Pods-AppleSignIn/Pods-AppleSignIn-frameworks-${CONFIGURATION}-input-files.xcfilelist",
			);
			name = "[CP] Embed Pods Frameworks";
			outputFileListPaths = (
				"${PODS_ROOT}/Target Support Files/Pods-AppleSignIn/Pods-AppleSignIn-frameworks-${CONFIGURATION}-output-files.xcfilelist",
			);
			runOnlyForDeploymentPostprocessing = 0;
			shellPath = /bin/sh;
			shellScript = "\"${PODS_ROOT}/Target Support Files/Pods-AppleSignIn/Pods-AppleSignIn-frameworks.sh\"\n";
			showEnvVarsInLog = 0;
		};
		53655593AF5C22F67BEE8D9B /* [CP] Check Pods Manifest.lock */ = {
			isa = PBXShellScriptBuildPhase;
			buildActionMask = 2147483647;
			files = (
			);
			inputFileListPaths = (
			);
			inputPaths = (
				"${PODS_PODFILE_DIR_PATH}/Podfile.lock",
				"${PODS_ROOT}/Manifest.lock",
			);
			name = "[CP] Check Pods Manifest.lock";
			outputFileListPaths = (
			);
			outputPaths = (
				"$(DERIVED_FILE_DIR)/Pods-AppleSignIn-checkManifestLockResult.txt",
			);
			runOnlyForDeploymentPostprocessing = 0;
			shellPath = /bin/sh;
			shellScript = "diff \"${PODS_PODFILE_DIR_PATH}/Podfile.lock\" \"${PODS_ROOT}/Manifest.lock\" > /dev/null\nif [ $? != 0 ] ; then\n    # print error to STDERR\n    echo \"error: The sandbox is not in sync with the Podfile.lock. Run 'pod install' or update your CocoaPods installation.\" >&2\n    exit 1\nfi\n# This output is used by Xcode 'outputs' to avoid re-running this script phase.\necho \"SUCCESS\" > \"${SCRIPT_OUTPUT_FILE_0}\"\n";
			showEnvVarsInLog = 0;
		};
/* End PBXShellScriptBuildPhase section */

/* Begin PBXSourcesBuildPhase section */
		85AF84DE24D427BC0020F176 /* Sources */ = {
			isa = PBXSourcesBuildPhase;
			buildActionMask = 2147483647;
			files = (
				85AF84E624D427BC0020F176 /* AppDelegate.swift in Sources */,
				85AF84EB24D427BC0020F176 /* AppleSignIn.xcdatamodeld in Sources */,
				85C855FA24D5B28C00FEFBF0 /* KeychainWrapper.swift in Sources */,
				85AF84ED24D427BC0020F176 /* ContentView.swift in Sources */,
				85AF84E824D427BC0020F176 /* SceneDelegate.swift in Sources */,
				85AF850B24D453E20020F176 /* WebApi.swift in Sources */,
				85AF850924D452DE0020F176 /* AppleSignInDelegate.swift in Sources */,
				85AF84FE24D429E80020F176 /* AppleSignInSwift.swift in Sources */,
				85AF850F24D483170020F176 /* SecondView.swift in Sources */,
				85AF850D24D462F00020F176 /* EnvironmentWindowKey.swift in Sources */,
			);
			runOnlyForDeploymentPostprocessing = 0;
		};
/* End PBXSourcesBuildPhase section */

/* Begin PBXVariantGroup section */
		85AF84F324D427BE0020F176 /* LaunchScreen.storyboard */ = {
			isa = PBXVariantGroup;
			children = (
				85AF84F424D427BE0020F176 /* Base */,
			);
			name = LaunchScreen.storyboard;
			sourceTree = "<group>";
		};
/* End PBXVariantGroup section */

/* Begin XCBuildConfiguration section */
		85AF84F724D427BE0020F176 /* Debug */ = {
			isa = XCBuildConfiguration;
			buildSettings = {
				ALWAYS_SEARCH_USER_PATHS = NO;
				CLANG_ANALYZER_NONNULL = YES;
				CLANG_ANALYZER_NUMBER_OBJECT_CONVERSION = YES_AGGRESSIVE;
				CLANG_CXX_LANGUAGE_STANDARD = "gnu++14";
				CLANG_CXX_LIBRARY = "libc++";
				CLANG_ENABLE_MODULES = YES;
				CLANG_ENABLE_OBJC_ARC = YES;
				CLANG_ENABLE_OBJC_WEAK = YES;
				CLANG_WARN_BLOCK_CAPTURE_AUTORELEASING = YES;
				CLANG_WARN_BOOL_CONVERSION = YES;
				CLANG_WARN_COMMA = YES;
				CLANG_WARN_CONSTANT_CONVERSION = YES;
				CLANG_WARN_DEPRECATED_OBJC_IMPLEMENTATIONS = YES;
				CLANG_WARN_DIRECT_OBJC_ISA_USAGE = YES_ERROR;
				CLANG_WARN_DOCUMENTATION_COMMENTS = YES;
				CLANG_WARN_EMPTY_BODY = YES;
				CLANG_WARN_ENUM_CONVERSION = YES;
				CLANG_WARN_INFINITE_RECURSION = YES;
				CLANG_WARN_INT_CONVERSION = YES;
				CLANG_WARN_NON_LITERAL_NULL_CONVERSION = YES;
				CLANG_WARN_OBJC_IMPLICIT_RETAIN_SELF = YES;
				CLANG_WARN_OBJC_LITERAL_CONVERSION = YES;
				CLANG_WARN_OBJC_ROOT_CLASS = YES_ERROR;
				CLANG_WARN_RANGE_LOOP_ANALYSIS = YES;
				CLANG_WARN_STRICT_PROTOTYPES = YES;
				CLANG_WARN_SUSPICIOUS_MOVE = YES;
				CLANG_WARN_UNGUARDED_AVAILABILITY = YES_AGGRESSIVE;
				CLANG_WARN_UNREACHABLE_CODE = YES;
				CLANG_WARN__DUPLICATE_METHOD_MATCH = YES;
				COPY_PHASE_STRIP = NO;
				DEBUG_INFORMATION_FORMAT = dwarf;
				ENABLE_STRICT_OBJC_MSGSEND = YES;
				ENABLE_TESTABILITY = YES;
				GCC_C_LANGUAGE_STANDARD = gnu11;
				GCC_DYNAMIC_NO_PIC = NO;
				GCC_NO_COMMON_BLOCKS = YES;
				GCC_OPTIMIZATION_LEVEL = 0;
				GCC_PREPROCESSOR_DEFINITIONS = (
					"DEBUG=1",
					"$(inherited)",
				);
				GCC_WARN_64_TO_32_BIT_CONVERSION = YES;
				GCC_WARN_ABOUT_RETURN_TYPE = YES_ERROR;
				GCC_WARN_UNDECLARED_SELECTOR = YES;
				GCC_WARN_UNINITIALIZED_AUTOS = YES_AGGRESSIVE;
				GCC_WARN_UNUSED_FUNCTION = YES;
				GCC_WARN_UNUSED_VARIABLE = YES;
				IPHONEOS_DEPLOYMENT_TARGET = 13.2;
				MTL_ENABLE_DEBUG_INFO = INCLUDE_SOURCE;
				MTL_FAST_MATH = YES;
				ONLY_ACTIVE_ARCH = YES;
				SDKROOT = iphoneos;
				SWIFT_ACTIVE_COMPILATION_CONDITIONS = DEBUG;
				SWIFT_OPTIMIZATION_LEVEL = "-Onone";
			};
			name = Debug;
		};
		85AF84F824D427BE0020F176 /* Release */ = {
			isa = XCBuildConfiguration;
			buildSettings = {
				ALWAYS_SEARCH_USER_PATHS = NO;
				CLANG_ANALYZER_NONNULL = YES;
				CLANG_ANALYZER_NUMBER_OBJECT_CONVERSION = YES_AGGRESSIVE;
				CLANG_CXX_LANGUAGE_STANDARD = "gnu++14";
				CLANG_CXX_LIBRARY = "libc++";
				CLANG_ENABLE_MODULES = YES;
				CLANG_ENABLE_OBJC_ARC = YES;
				CLANG_ENABLE_OBJC_WEAK = YES;
				CLANG_WARN_BLOCK_CAPTURE_AUTORELEASING = YES;
				CLANG_WARN_BOOL_CONVERSION = YES;
				CLANG_WARN_COMMA = YES;
				CLANG_WARN_CONSTANT_CONVERSION = YES;
				CLANG_WARN_DEPRECATED_OBJC_IMPLEMENTATIONS = YES;
				CLANG_WARN_DIRECT_OBJC_ISA_USAGE = YES_ERROR;
				CLANG_WARN_DOCUMENTATION_COMMENTS = YES;
				CLANG_WARN_EMPTY_BODY = YES;
				CLANG_WARN_ENUM_CONVERSION = YES;
				CLANG_WARN_INFINITE_RECURSION = YES;
				CLANG_WARN_INT_CONVERSION = YES;
				CLANG_WARN_NON_LITERAL_NULL_CONVERSION = YES;
				CLANG_WARN_OBJC_IMPLICIT_RETAIN_SELF = YES;
				CLANG_WARN_OBJC_LITERAL_CONVERSION = YES;
				CLANG_WARN_OBJC_ROOT_CLASS = YES_ERROR;
				CLANG_WARN_RANGE_LOOP_ANALYSIS = YES;
				CLANG_WARN_STRICT_PROTOTYPES = YES;
				CLANG_WARN_SUSPICIOUS_MOVE = YES;
				CLANG_WARN_UNGUARDED_AVAILABILITY = YES_AGGRESSIVE;
				CLANG_WARN_UNREACHABLE_CODE = YES;
				CLANG_WARN__DUPLICATE_METHOD_MATCH = YES;
				COPY_PHASE_STRIP = NO;
				DEBUG_INFORMATION_FORMAT = "dwarf-with-dsym";
				ENABLE_NS_ASSERTIONS = NO;
				ENABLE_STRICT_OBJC_MSGSEND = YES;
				GCC_C_LANGUAGE_STANDARD = gnu11;
				GCC_NO_COMMON_BLOCKS = YES;
				GCC_WARN_64_TO_32_BIT_CONVERSION = YES;
				GCC_WARN_ABOUT_RETURN_TYPE = YES_ERROR;
				GCC_WARN_UNDECLARED_SELECTOR = YES;
				GCC_WARN_UNINITIALIZED_AUTOS = YES_AGGRESSIVE;
				GCC_WARN_UNUSED_FUNCTION = YES;
				GCC_WARN_UNUSED_VARIABLE = YES;
				IPHONEOS_DEPLOYMENT_TARGET = 13.2;
				MTL_ENABLE_DEBUG_INFO = NO;
				MTL_FAST_MATH = YES;
				SDKROOT = iphoneos;
				SWIFT_COMPILATION_MODE = wholemodule;
				SWIFT_OPTIMIZATION_LEVEL = "-O";
				VALIDATE_PRODUCT = YES;
			};
			name = Release;
		};
		85AF84FA24D427BE0020F176 /* Debug */ = {
			isa = XCBuildConfiguration;
			baseConfigurationReference = 60DB23AC285FCEB3C339B643 /* Pods-AppleSignIn.debug.xcconfig */;
			buildSettings = {
				ASSETCATALOG_COMPILER_APPICON_NAME = AppIcon;
				CODE_SIGN_ENTITLEMENTS = AppleSignIn/AppleSignIn.entitlements;
				CODE_SIGN_STYLE = Manual;
				CURRENT_PROJECT_VERSION = 2.0;
				DEVELOPMENT_ASSET_PATHS = "\"AppleSignIn/Preview Content\"";
				DEVELOPMENT_TEAM = 5A7WG534AQ;
				ENABLE_PREVIEWS = YES;
				INFOPLIST_FILE = AppleSignIn/Info.plist;
				IPHONEOS_DEPLOYMENT_TARGET = 13.0;
				LD_RUNPATH_SEARCH_PATHS = (
					"$(inherited)",
					"@executable_path/Frameworks",
				);
				MARKETING_VERSION = 3.1;
				PRODUCT_BUNDLE_IDENTIFIER = com.beckettmedia.app;
				PRODUCT_NAME = "$(TARGET_NAME)";
				PROVISIONING_PROFILE_SPECIFIER = BeckettMobileJuly2020DevelopmentProfile;
				SWIFT_VERSION = 5.0;
				TARGETED_DEVICE_FAMILY = "1,2";
			};
			name = Debug;
		};
		85AF84FB24D427BE0020F176 /* Release */ = {
			isa = XCBuildConfiguration;
			baseConfigurationReference = C8EB0A75ACEDC91B10A616F2 /* Pods-AppleSignIn.release.xcconfig */;
			buildSettings = {
				ASSETCATALOG_COMPILER_APPICON_NAME = AppIcon;
				CODE_SIGN_ENTITLEMENTS = AppleSignIn/AppleSignIn.entitlements;
				CODE_SIGN_STYLE = Manual;
				CURRENT_PROJECT_VERSION = 2.0;
				DEVELOPMENT_ASSET_PATHS = "\"AppleSignIn/Preview Content\"";
				DEVELOPMENT_TEAM = 5A7WG534AQ;
				ENABLE_PREVIEWS = YES;
				INFOPLIST_FILE = AppleSignIn/Info.plist;
				IPHONEOS_DEPLOYMENT_TARGET = 13.0;
				LD_RUNPATH_SEARCH_PATHS = (
					"$(inherited)",
					"@executable_path/Frameworks",
				);
				MARKETING_VERSION = 3.1;
				PRODUCT_BUNDLE_IDENTIFIER = com.beckettmedia.app;
				PRODUCT_NAME = "$(TARGET_NAME)";
				PROVISIONING_PROFILE_SPECIFIER = BeckettMobileJuly2020DevelopmentProfile;
				SWIFT_VERSION = 5.0;
				TARGETED_DEVICE_FAMILY = "1,2";
			};
			name = Release;
		};
/* End XCBuildConfiguration section */

/* Begin XCConfigurationList section */
		85AF84DD24D427BC0020F176 /* Build configuration list for PBXProject "AppleSignIn" */ = {
			isa = XCConfigurationList;
			buildConfigurations = (
				85AF84F724D427BE0020F176 /* Debug */,
				85AF84F824D427BE0020F176 /* Release */,
			);
			defaultConfigurationIsVisible = 0;
			defaultConfigurationName = Release;
		};
		85AF84F924D427BE0020F176 /* Build configuration list for PBXNativeTarget "AppleSignIn" */ = {
			isa = XCConfigurationList;
			buildConfigurations = (
				85AF84FA24D427BE0020F176 /* Debug */,
				85AF84FB24D427BE0020F176 /* Release */,
			);
			defaultConfigurationIsVisible = 0;
			defaultConfigurationName = Release;
		};
/* End XCConfigurationList section */

/* Begin XCVersionGroup section */
		85AF84E924D427BC0020F176 /* AppleSignIn.xcdatamodeld */ = {
			isa = XCVersionGroup;
			children = (
				85AF84EA24D427BC0020F176 /* AppleSignIn.xcdatamodel */,
			);
			currentVersion = 85AF84EA24D427BC0020F176 /* AppleSignIn.xcdatamodel */;
			path = AppleSignIn.xcdatamodeld;
			sourceTree = "<group>";
			versionGroupType = wrapper.xcdatamodel;
		};
/* End XCVersionGroup section */
	};
	rootObject = 85AF84DA24D427BC0020F176 /* Project object */;
}
